
Microsoft Visual Studio Solution File, Format Version 12.00
# Visual Studio 15
VisualStudioVersion = 15.0.27428.2043
MinimumVisualStudioVersion = 10.0.40219.1
Project("{2150E333-8FDC-42A3-9474-1A3956D46DE8}") = "src", "src", "{25DEBDED-4F9C-47F5-BC3F-4D5ED7D42090}"
EndProject
Project("{9A19103F-16F7-4668-BE54-9A1E7A4F7556}") = "InstagramApiSharp", "src\InstagramApiSharp\InstagramApiSharp.csproj", "{2A588963-CEBE-47EC-BFBB-2F3D405E4C80}"
EndProject
Project("{2150E333-8FDC-42A3-9474-1A3956D46DE8}") = "samples", "samples", "{5E33EE0C-BF45-4CC7-A1A0-2C70CACBD2D0}"
EndProject
Project("{FAE04EC0-301F-11D3-BF4B-00C04F79EFBC}") = "ChallengeRequireExample", "samples\ChallengeRequireExample\ChallengeRequireExample.csproj", "{B7B5F041-E5C4-4E80-9D54-48C70FF6215B}"
EndProject
Project("{FAE04EC0-301F-11D3-BF4B-00C04F79EFBC}") = "Examples", "samples\Examples\Examples.csproj", "{ACEC2BFB-274A-4250-B82C-96812C22A132}"
EndProject
Project("{FAE04EC0-301F-11D3-BF4B-00C04F79EFBC}") = "FacebookLoginExample", "samples\FacebookLoginExample\FacebookLoginExample.csproj", "{C36AD852-38F8-4158-9B65-2003893A509B}"
EndProject
Project("{FAE04EC0-301F-11D3-BF4B-00C04F79EFBC}") = "TwoFactorSample", "samples\TwoFactorSample\TwoFactorSample.csproj", "{E2837FD6-FDB6-4859-BE7E-DFD1BF5C29D8}"
EndProject
Project("{FAE04EC0-301F-11D3-BF4B-00C04F79EFBC}") = "UwpExample", "samples\UwpExample\UwpExample.csproj", "{A329F906-1331-44DE-909C-CAFFCA175E47}"
EndProject
Project("{F184B08F-C81C-45F6-A57F-5ABD9991F28F}") = "VBExample", "samples\VBExample\VBExample.vbproj", "{F0952933-7D0B-48E8-BAF2-DADEF3D191D7}"
EndProject
Global
	GlobalSection(SolutionConfigurationPlatforms) = preSolution
		Debug|Any CPU = Debug|Any CPU
		Debug|ARM = Debug|ARM
		Debug|x64 = Debug|x64
		Debug|x86 = Debug|x86
		Release|Any CPU = Release|Any CPU
		Release|ARM = Release|ARM
		Release|x64 = Release|x64
		Release|x86 = Release|x86
	EndGlobalSection
	GlobalSection(ProjectConfigurationPlatforms) = postSolution
		{2A588963-CEBE-47EC-BFBB-2F3D405E4C80}.Debug|Any CPU.ActiveCfg = Debug|Any CPU
		{2A588963-CEBE-47EC-BFBB-2F3D405E4C80}.Debug|Any CPU.Build.0 = Debug|Any CPU
		{2A588963-CEBE-47EC-BFBB-2F3D405E4C80}.Debug|ARM.ActiveCfg = Debug|Any CPU
		{2A588963-CEBE-47EC-BFBB-2F3D405E4C80}.Debug|ARM.Build.0 = Debug|Any CPU
		{2A588963-CEBE-47EC-BFBB-2F3D405E4C80}.Debug|x64.ActiveCfg = Debug|Any CPU
		{2A588963-CEBE-47EC-BFBB-2F3D405E4C80}.Debug|x64.Build.0 = Debug|Any CPU
		{2A588963-CEBE-47EC-BFBB-2F3D405E4C80}.Debug|x86.ActiveCfg = Debug|Any CPU
		{2A588963-CEBE-47EC-BFBB-2F3D405E4C80}.Debug|x86.Build.0 = Debug|Any CPU
		{2A588963-CEBE-47EC-BFBB-2F3D405E4C80}.Release|Any CPU.ActiveCfg = Release|Any CPU
		{2A588963-CEBE-47EC-BFBB-2F3D405E4C80}.Release|Any CPU.Build.0 = Release|Any CPU
		{2A588963-CEBE-47EC-BFBB-2F3D405E4C80}.Release|ARM.ActiveCfg = Release|Any CPU
		{2A588963-CEBE-47EC-BFBB-2F3D405E4C80}.Release|ARM.Build.0 = Release|Any CPU
		{2A588963-CEBE-47EC-BFBB-2F3D405E4C80}.Release|x64.ActiveCfg = Release|Any CPU
		{2A588963-CEBE-47EC-BFBB-2F3D405E4C80}.Release|x64.Build.0 = Release|Any CPU
		{2A588963-CEBE-47EC-BFBB-2F3D405E4C80}.Release|x86.ActiveCfg = Release|Any CPU
		{2A588963-CEBE-47EC-BFBB-2F3D405E4C80}.Release|x86.Build.0 = Release|Any CPU
		{B7B5F041-E5C4-4E80-9D54-48C70FF6215B}.Debug|Any CPU.ActiveCfg = Debug|Any CPU
		{B7B5F041-E5C4-4E80-9D54-48C70FF6215B}.Debug|Any CPU.Build.0 = Debug|Any CPU
		{B7B5F041-E5C4-4E80-9D54-48C70FF6215B}.Debug|ARM.ActiveCfg = Debug|Any CPU
		{B7B5F041-E5C4-4E80-9D54-48C70FF6215B}.Debug|ARM.Build.0 = Debug|Any CPU
		{B7B5F041-E5C4-4E80-9D54-48C70FF6215B}.Debug|x64.ActiveCfg = Debug|Any CPU
		{B7B5F041-E5C4-4E80-9D54-48C70FF6215B}.Debug|x64.Build.0 = Debug|Any CPU
		{B7B5F041-E5C4-4E80-9D54-48C70FF6215B}.Debug|x86.ActiveCfg = Debug|Any CPU
		{B7B5F041-E5C4-4E80-9D54-48C70FF6215B}.Debug|x86.Build.0 = Debug|Any CPU
		{B7B5F041-E5C4-4E80-9D54-48C70FF6215B}.Release|Any CPU.ActiveCfg = Release|Any CPU
		{B7B5F041-E5C4-4E80-9D54-48C70FF6215B}.Release|Any CPU.Build.0 = Release|Any CPU
		{B7B5F041-E5C4-4E80-9D54-48C70FF6215B}.Release|ARM.ActiveCfg = Release|Any CPU
		{B7B5F041-E5C4-4E80-9D54-48C70FF6215B}.Release|ARM.Build.0 = Release|Any CPU
		{B7B5F041-E5C4-4E80-9D54-48C70FF6215B}.Release|x64.ActiveCfg = Release|Any CPU
		{B7B5F041-E5C4-4E80-9D54-48C70FF6215B}.Release|x64.Build.0 = Release|Any CPU
		{B7B5F041-E5C4-4E80-9D54-48C70FF6215B}.Release|x86.ActiveCfg = Release|Any CPU
		{B7B5F041-E5C4-4E80-9D54-48C70FF6215B}.Release|x86.Build.0 = Release|Any CPU
		{ACEC2BFB-274A-4250-B82C-96812C22A132}.Debug|Any CPU.ActiveCfg = Debug|Any CPU
		{ACEC2BFB-274A-4250-B82C-96812C22A132}.Debug|ARM.ActiveCfg = Debug|Any CPU
		{ACEC2BFB-274A-4250-B82C-96812C22A132}.Debug|ARM.Build.0 = Debug|Any CPU
		{ACEC2BFB-274A-4250-B82C-96812C22A132}.Debug|x64.ActiveCfg = Debug|Any CPU
		{ACEC2BFB-274A-4250-B82C-96812C22A132}.Debug|x64.Build.0 = Debug|Any CPU
		{ACEC2BFB-274A-4250-B82C-96812C22A132}.Debug|x86.ActiveCfg = Debug|Any CPU
		{ACEC2BFB-274A-4250-B82C-96812C22A132}.Debug|x86.Build.0 = Debug|Any CPU
		{ACEC2BFB-274A-4250-B82C-96812C22A132}.Release|Any CPU.ActiveCfg = Release|Any CPU
		{ACEC2BFB-274A-4250-B82C-96812C22A132}.Release|Any CPU.Build.0 = Release|Any CPU
		{ACEC2BFB-274A-4250-B82C-96812C22A132}.Release|ARM.ActiveCfg = Release|Any CPU
		{ACEC2BFB-274A-4250-B82C-96812C22A132}.Release|ARM.Build.0 = Release|Any CPU
		{ACEC2BFB-274A-4250-B82C-96812C22A132}.Release|x64.ActiveCfg = Release|Any CPU
		{ACEC2BFB-274A-4250-B82C-96812C22A132}.Release|x64.Build.0 = Release|Any CPU
		{ACEC2BFB-274A-4250-B82C-96812C22A132}.Release|x86.ActiveCfg = Release|Any CPU
		{ACEC2BFB-274A-4250-B82C-96812C22A132}.Release|x86.Build.0 = Release|Any CPU
		{C36AD852-38F8-4158-9B65-2003893A509B}.Debug|Any CPU.ActiveCfg = Debug|Any CPU
		{C36AD852-38F8-4158-9B65-2003893A509B}.Debug|ARM.ActiveCfg = Debug|Any CPU
		{C36AD852-38F8-4158-9B65-2003893A509B}.Debug|ARM.Build.0 = Debug|Any CPU
		{C36AD852-38F8-4158-9B65-2003893A509B}.Debug|x64.ActiveCfg = Debug|Any CPU
		{C36AD852-38F8-4158-9B65-2003893A509B}.Debug|x64.Build.0 = Debug|Any CPU
		{C36AD852-38F8-4158-9B65-2003893A509B}.Debug|x86.ActiveCfg = Debug|Any CPU
		{C36AD852-38F8-4158-9B65-2003893A509B}.Debug|x86.Build.0 = Debug|Any CPU
		{C36AD852-38F8-4158-9B65-2003893A509B}.Release|Any CPU.ActiveCfg = Release|Any CPU
		{C36AD852-38F8-4158-9B65-2003893A509B}.Release|Any CPU.Build.0 = Release|Any CPU
		{C36AD852-38F8-4158-9B65-2003893A509B}.Release|ARM.ActiveCfg = Release|Any CPU
		{C36AD852-38F8-4158-9B65-2003893A509B}.Release|ARM.Build.0 = Release|Any CPU
		{C36AD852-38F8-4158-9B65-2003893A509B}.Release|x64.ActiveCfg = Release|Any CPU
		{C36AD852-38F8-4158-9B65-2003893A509B}.Release|x64.Build.0 = Release|Any CPU
		{C36AD852-38F8-4158-9B65-2003893A509B}.Release|x86.ActiveCfg = Release|Any CPU
		{C36AD852-38F8-4158-9B65-2003893A509B}.Release|x86.Build.0 = Release|Any CPU
		{E2837FD6-FDB6-4859-BE7E-DFD1BF5C29D8}.Debug|Any CPU.ActiveCfg = Debug|Any CPU
		{E2837FD6-FDB6-4859-BE7E-DFD1BF5C29D8}.Debug|ARM.ActiveCfg = Debug|Any CPU
		{E2837FD6-FDB6-4859-BE7E-DFD1BF5C29D8}.Debug|ARM.Build.0 = Debug|Any CPU
		{E2837FD6-FDB6-4859-BE7E-DFD1BF5C29D8}.Debug|x64.ActiveCfg = Debug|Any CPU
		{E2837FD6-FDB6-4859-BE7E-DFD1BF5C29D8}.Debug|x64.Build.0 = Debug|Any CPU
		{E2837FD6-FDB6-4859-BE7E-DFD1BF5C29D8}.Debug|x86.ActiveCfg = Debug|Any CPU
		{E2837FD6-FDB6-4859-BE7E-DFD1BF5C29D8}.Debug|x86.Build.0 = Debug|Any CPU
		{E2837FD6-FDB6-4859-BE7E-DFD1BF5C29D8}.Release|Any CPU.ActiveCfg = Release|Any CPU
		{E2837FD6-FDB6-4859-BE7E-DFD1BF5C29D8}.Release|Any CPU.Build.0 = Release|Any CPU
		{E2837FD6-FDB6-4859-BE7E-DFD1BF5C29D8}.Release|ARM.ActiveCfg = Release|Any CPU
		{E2837FD6-FDB6-4859-BE7E-DFD1BF5C29D8}.Release|ARM.Build.0 = Release|Any CPU
		{E2837FD6-FDB6-4859-BE7E-DFD1BF5C29D8}.Release|x64.ActiveCfg = Release|Any CPU
		{E2837FD6-FDB6-4859-BE7E-DFD1BF5C29D8}.Release|x64.Build.0 = Release|Any CPU
		{E2837FD6-FDB6-4859-BE7E-DFD1BF5C29D8}.Release|x86.ActiveCfg = Release|Any CPU
		{E2837FD6-FDB6-4859-BE7E-DFD1BF5C29D8}.Release|x86.Build.0 = Release|Any CPU
		{A329F906-1331-44DE-909C-CAFFCA175E47}.Debug|Any CPU.ActiveCfg = Debug|x86
		{A329F906-1331-44DE-909C-CAFFCA175E47}.Debug|ARM.ActiveCfg = Debug|ARM
		{A329F906-1331-44DE-909C-CAFFCA175E47}.Debug|ARM.Build.0 = Debug|ARM
		{A329F906-1331-44DE-909C-CAFFCA175E47}.Debug|ARM.Deploy.0 = Debug|ARM
		{A329F906-1331-44DE-909C-CAFFCA175E47}.Debug|x64.ActiveCfg = Debug|x64
		{A329F906-1331-44DE-909C-CAFFCA175E47}.Debug|x64.Build.0 = Debug|x64
		{A329F906-1331-44DE-909C-CAFFCA175E47}.Debug|x64.Deploy.0 = Debug|x64
		{A329F906-1331-44DE-909C-CAFFCA175E47}.Debug|x86.ActiveCfg = Debug|x86
		{A329F906-1331-44DE-909C-CAFFCA175E47}.Debug|x86.Build.0 = Debug|x86
		{A329F906-1331-44DE-909C-CAFFCA175E47}.Debug|x86.Deploy.0 = Debug|x86
		{A329F906-1331-44DE-909C-CAFFCA175E47}.Release|Any CPU.ActiveCfg = Release|x86
		{A329F906-1331-44DE-909C-CAFFCA175E47}.Release|ARM.ActiveCfg = Release|ARM
		{A329F906-1331-44DE-909C-CAFFCA175E47}.Release|ARM.Build.0 = Release|ARM
		{A329F906-1331-44DE-909C-CAFFCA175E47}.Release|ARM.Deploy.0 = Release|ARM
		{A329F906-1331-44DE-909C-CAFFCA175E47}.Release|x64.ActiveCfg = Release|x64
		{A329F906-1331-44DE-909C-CAFFCA175E47}.Release|x64.Build.0 = Release|x64
		{A329F906-1331-44DE-909C-CAFFCA175E47}.Release|x64.Deploy.0 = Release|x64
		{A329F906-1331-44DE-909C-CAFFCA175E47}.Release|x86.ActiveCfg = Release|x86
		{A329F906-1331-44DE-909C-CAFFCA175E47}.Release|x86.Build.0 = Release|x86
		{A329F906-1331-44DE-909C-CAFFCA175E47}.Release|x86.Deploy.0 = Release|x86
		{F0952933-7D0B-48E8-BAF2-DADEF3D191D7}.Debug|Any CPU.ActiveCfg = Debug|Any CPU
		{F0952933-7D0B-48E8-BAF2-DADEF3D191D7}.Debug|ARM.ActiveCfg = Debug|Any CPU
		{F0952933-7D0B-48E8-BAF2-DADEF3D191D7}.Debug|ARM.Build.0 = Debug|Any CPU
		{F0952933-7D0B-48E8-BAF2-DADEF3D191D7}.Debug|x64.ActiveCfg = Debug|Any CPU
		{F0952933-7D0B-48E8-BAF2-DADEF3D191D7}.Debug|x64.Build.0 = Debug|Any CPU
		{F0952933-7D0B-48E8-BAF2-DADEF3D191D7}.Debug|x86.ActiveCfg = Debug|Any CPU
		{F0952933-7D0B-48E8-BAF2-DADEF3D191D7}.Debug|x86.Build.0 = Debug|Any CPU
		{F0952933-7D0B-48E8-BAF2-DADEF3D191D7}.Release|Any CPU.ActiveCfg = Release|Any CPU
		{F0952933-7D0B-48E8-BAF2-DADEF3D191D7}.Release|Any CPU.Build.0 = Release|Any CPU
		{F0952933-7D0B-48E8-BAF2-DADEF3D191D7}.Release|ARM.ActiveCfg = Release|Any CPU
		{F0952933-7D0B-48E8-BAF2-DADEF3D191D7}.Release|ARM.Build.0 = Release|Any CPU
		{F0952933-7D0B-48E8-BAF2-DADEF3D191D7}.Release|x64.ActiveCfg = Release|Any CPU
		{F0952933-7D0B-48E8-BAF2-DADEF3D191D7}.Release|x64.Build.0 = Release|Any CPU
		{F0952933-7D0B-48E8-BAF2-DADEF3D191D7}.Release|x86.ActiveCfg = Release|Any CPU
		{F0952933-7D0B-48E8-BAF2-DADEF3D191D7}.Release|x86.Build.0 = Release|Any CPU
	EndGlobalSection
	GlobalSection(SolutionProperties) = preSolution
		HideSolutionNode = FALSE
	EndGlobalSection
	GlobalSection(NestedProjects) = preSolution
		{2A588963-CEBE-47EC-BFBB-2F3D405E4C80} = {25DEBDED-4F9C-47F5-BC3F-4D5ED7D42090}
		{B7B5F041-E5C4-4E80-9D54-48C70FF6215B} = {5E33EE0C-BF45-4CC7-A1A0-2C70CACBD2D0}
		{ACEC2BFB-274A-4250-B82C-96812C22A132} = {5E33EE0C-BF45-4CC7-A1A0-2C70CACBD2D0}
		{C36AD852-38F8-4158-9B65-2003893A509B} = {5E33EE0C-BF45-4CC7-A1A0-2C70CACBD2D0}
		{E2837FD6-FDB6-4859-BE7E-DFD1BF5C29D8} = {5E33EE0C-BF45-4CC7-A1A0-2C70CACBD2D0}
		{A329F906-1331-44DE-909C-CAFFCA175E47} = {5E33EE0C-BF45-4CC7-A1A0-2C70CACBD2D0}
		{F0952933-7D0B-48E8-BAF2-DADEF3D191D7} = {5E33EE0C-BF45-4CC7-A1A0-2C70CACBD2D0}
	EndGlobalSection
	GlobalSection(ExtensibilityGlobals) = postSolution
		SolutionGuid = {47999AC0-6BDC-43EB-BB19-674E8470ECDD}
	EndGlobalSection
EndGlobal
